// !$*UTF8*$!
{
	archiveVersion = 1;
	classes = {
	};
	objectVersion = 50;
	objects = {

/* Begin PBXBuildFile section */
		F0200F5926B404290088FA78 /* MainViewController.swift in Sources */ = {isa = PBXBuildFile; fileRef = F0200F5726B404290088FA78 /* MainViewController.swift */; };
		F0200F5A26B404290088FA78 /* MainViewController.xib in Resources */ = {isa = PBXBuildFile; fileRef = F0200F5826B404290088FA78 /* MainViewController.xib */; };
		F0200F5C26B40C520088FA78 /* MainPresenter.swift in Sources */ = {isa = PBXBuildFile; fileRef = F0200F5B26B40C520088FA78 /* MainPresenter.swift */; };
		F0200F5E26B40CA70088FA78 /* Post.swift in Sources */ = {isa = PBXBuildFile; fileRef = F0200F5D26B40CA70088FA78 /* Post.swift */; };
		F0200F6026B40D4A0088FA78 /* Builder.swift in Sources */ = {isa = PBXBuildFile; fileRef = F0200F5F26B40D4A0088FA78 /* Builder.swift */; };
		F0200F6326B40DD00088FA78 /* NetworkService.swift in Sources */ = {isa = PBXBuildFile; fileRef = F0200F6226B40DD00088FA78 /* NetworkService.swift */; };
		F057705D26B3FB6300EC78C4 /* AppDelegate.swift in Sources */ = {isa = PBXBuildFile; fileRef = F057705C26B3FB6300EC78C4 /* AppDelegate.swift */; };
		F057705F26B3FB6300EC78C4 /* SceneDelegate.swift in Sources */ = {isa = PBXBuildFile; fileRef = F057705E26B3FB6300EC78C4 /* SceneDelegate.swift */; };
		F057706426B3FB6300EC78C4 /* Main.storyboard in Resources */ = {isa = PBXBuildFile; fileRef = F057706226B3FB6300EC78C4 /* Main.storyboard */; };
		F057706626B3FB6900EC78C4 /* Assets.xcassets in Resources */ = {isa = PBXBuildFile; fileRef = F057706526B3FB6900EC78C4 /* Assets.xcassets */; };
		F057706926B3FB6900EC78C4 /* LaunchScreen.storyboard in Resources */ = {isa = PBXBuildFile; fileRef = F057706726B3FB6900EC78C4 /* LaunchScreen.storyboard */; };
/* End PBXBuildFile section */

/* Begin PBXFileReference section */
		F0200F5726B404290088FA78 /* MainViewController.swift */ = {isa = PBXFileReference; lastKnownFileType = sourcecode.swift; path = MainViewController.swift; sourceTree = "<group>"; };
		F0200F5826B404290088FA78 /* MainViewController.xib */ = {isa = PBXFileReference; lastKnownFileType = file.xib; path = MainViewController.xib; sourceTree = "<group>"; };
		F0200F5B26B40C520088FA78 /* MainPresenter.swift */ = {isa = PBXFileReference; lastKnownFileType = sourcecode.swift; path = MainPresenter.swift; sourceTree = "<group>"; };
		F0200F5D26B40CA70088FA78 /* Post.swift */ = {isa = PBXFileReference; lastKnownFileType = sourcecode.swift; path = Post.swift; sourceTree = "<group>"; };
		F0200F5F26B40D4A0088FA78 /* Builder.swift */ = {isa = PBXFileReference; lastKnownFileType = sourcecode.swift; path = Builder.swift; sourceTree = "<group>"; };
		F0200F6226B40DD00088FA78 /* NetworkService.swift */ = {isa = PBXFileReference; lastKnownFileType = sourcecode.swift; path = NetworkService.swift; sourceTree = "<group>"; };
		F057705926B3FB6300EC78C4 /* MPVApplication.app */ = {isa = PBXFileReference; explicitFileType = wrapper.application; includeInIndex = 0; path = MPVApplication.app; sourceTree = BUILT_PRODUCTS_DIR; };
		F057705C26B3FB6300EC78C4 /* AppDelegate.swift */ = {isa = PBXFileReference; lastKnownFileType = sourcecode.swift; path = AppDelegate.swift; sourceTree = "<group>"; };
		F057705E26B3FB6300EC78C4 /* SceneDelegate.swift */ = {isa = PBXFileReference; lastKnownFileType = sourcecode.swift; path = SceneDelegate.swift; sourceTree = "<group>"; };
		F057706326B3FB6300EC78C4 /* Base */ = {isa = PBXFileReference; lastKnownFileType = file.storyboard; name = Base; path = Base.lproj/Main.storyboard; sourceTree = "<group>"; };
		F057706526B3FB6900EC78C4 /* Assets.xcassets */ = {isa = PBXFileReference; lastKnownFileType = folder.assetcatalog; path = Assets.xcassets; sourceTree = "<group>"; };
		F057706826B3FB6900EC78C4 /* Base */ = {isa = PBXFileReference; lastKnownFileType = file.storyboard; name = Base; path = Base.lproj/LaunchScreen.storyboard; sourceTree = "<group>"; };
		F057706A26B3FB6900EC78C4 /* Info.plist */ = {isa = PBXFileReference; lastKnownFileType = text.plist.xml; path = Info.plist; sourceTree = "<group>"; };
/* End PBXFileReference section */

/* Begin PBXFrameworksBuildPhase section */
		F057705626B3FB6300EC78C4 /* Frameworks */ = {
			isa = PBXFrameworksBuildPhase;
			buildActionMask = 2147483647;
			files = (
			);
			runOnlyForDeploymentPostprocessing = 0;
		};
/* End PBXFrameworksBuildPhase section */

/* Begin PBXGroup section */
		F0200F5626B403E60088FA78 /* MainModule */ = {
			isa = PBXGroup;
			children = (
				F0200F6626B412CF0088FA78 /* Model */,
				F0200F6526B412BC0088FA78 /* View */,
				F0200F6426B412B20088FA78 /* Presenter */,
			);
			path = MainModule;
			sourceTree = "<group>";
		};
		F0200F6126B40DB70088FA78 /* ServiceLayer */ = {
			isa = PBXGroup;
			children = (
				F0200F6226B40DD00088FA78 /* NetworkService.swift */,
			);
			path = ServiceLayer;
			sourceTree = "<group>";
		};
		F0200F6426B412B20088FA78 /* Presenter */ = {
			isa = PBXGroup;
			children = (
				F0200F5B26B40C520088FA78 /* MainPresenter.swift */,
			);
			path = Presenter;
			sourceTree = "<group>";
		};
		F0200F6526B412BC0088FA78 /* View */ = {
			isa = PBXGroup;
			children = (
				F0200F5826B404290088FA78 /* MainViewController.xib */,
				F0200F5726B404290088FA78 /* MainViewController.swift */,
			);
			path = View;
			sourceTree = "<group>";
		};
		F0200F6626B412CF0088FA78 /* Model */ = {
			isa = PBXGroup;
			children = (
				F0200F5D26B40CA70088FA78 /* Post.swift */,
			);
			path = Model;
			sourceTree = "<group>";
		};
		F057705026B3FB6300EC78C4 = {
			isa = PBXGroup;
			children = (
				F057705B26B3FB6300EC78C4 /* MPVApplication */,
				F057705A26B3FB6300EC78C4 /* Products */,
			);
			sourceTree = "<group>";
		};
		F057705A26B3FB6300EC78C4 /* Products */ = {
			isa = PBXGroup;
			children = (
				F057705926B3FB6300EC78C4 /* MPVApplication.app */,
			);
			name = Products;
			sourceTree = "<group>";
		};
		F057705B26B3FB6300EC78C4 /* MPVApplication */ = {
			isa = PBXGroup;
			children = (
				F057705C26B3FB6300EC78C4 /* AppDelegate.swift */,
				F057705E26B3FB6300EC78C4 /* SceneDelegate.swift */,
				F0200F5F26B40D4A0088FA78 /* Builder.swift */,
				F0200F6126B40DB70088FA78 /* ServiceLayer */,
				F0200F5626B403E60088FA78 /* MainModule */,
				F057706226B3FB6300EC78C4 /* Main.storyboard */,
				F057706526B3FB6900EC78C4 /* Assets.xcassets */,
				F057706726B3FB6900EC78C4 /* LaunchScreen.storyboard */,
				F057706A26B3FB6900EC78C4 /* Info.plist */,
			);
			path = MPVApplication;
			sourceTree = "<group>";
		};
/* End PBXGroup section */

/* Begin PBXNativeTarget section */
		F057705826B3FB6300EC78C4 /* MPVApplication */ = {
			isa = PBXNativeTarget;
			buildConfigurationList = F057706D26B3FB6900EC78C4 /* Build configuration list for PBXNativeTarget "MPVApplication" */;
			buildPhases = (
				F057705526B3FB6300EC78C4 /* Sources */,
				F057705626B3FB6300EC78C4 /* Frameworks */,
				F057705726B3FB6300EC78C4 /* Resources */,
				F0200F5526B3FC2C0088FA78 /* ShellScript */,
			);
			buildRules = (
			);
			dependencies = (
			);
			name = MPVApplication;
			productName = MPVApplication;
			productReference = F057705926B3FB6300EC78C4 /* MPVApplication.app */;
			productType = "com.apple.product-type.application";
		};
/* End PBXNativeTarget section */

/* Begin PBXProject section */
		F057705126B3FB6300EC78C4 /* Project object */ = {
			isa = PBXProject;
			attributes = {
				LastSwiftUpdateCheck = 1250;
				LastUpgradeCheck = 1250;
				TargetAttributes = {
					F057705826B3FB6300EC78C4 = {
						CreatedOnToolsVersion = 12.5;
					};
				};
			};
			buildConfigurationList = F057705426B3FB6300EC78C4 /* Build configuration list for PBXProject "MPVApplication" */;
			compatibilityVersion = "Xcode 9.3";
			developmentRegion = en;
			hasScannedForEncodings = 0;
			knownRegions = (
				en,
				Base,
			);
			mainGroup = F057705026B3FB6300EC78C4;
			productRefGroup = F057705A26B3FB6300EC78C4 /* Products */;
			projectDirPath = "";
			projectRoot = "";
			targets = (
				F057705826B3FB6300EC78C4 /* MPVApplication */,
			);
		};
/* End PBXProject section */

/* Begin PBXResourcesBuildPhase section */
		F057705726B3FB6300EC78C4 /* Resources */ = {
			isa = PBXResourcesBuildPhase;
			buildActionMask = 2147483647;
			files = (
				F057706926B3FB6900EC78C4 /* LaunchScreen.storyboard in Resources */,
				F057706626B3FB6900EC78C4 /* Assets.xcassets in Resources */,
				F057706426B3FB6300EC78C4 /* Main.storyboard in Resources */,
				F0200F5A26B404290088FA78 /* MainViewController.xib in Resources */,
			);
			runOnlyForDeploymentPostprocessing = 0;
		};
/* End PBXResourcesBuildPhase section */

/* Begin PBXShellScriptBuildPhase section */
		F0200F5526B3FC2C0088FA78 /* ShellScript */ = {
			isa = PBXShellScriptBuildPhase;
			buildActionMask = 2147483647;
			files = (
			);
			inputFileListPaths = (
			);
			inputPaths = (
			);
			outputFileListPaths = (
			);
			outputPaths = (
			);
			runOnlyForDeploymentPostprocessing = 0;
			shellPath = /bin/sh;
			shellScript = "if which swiftlint >/dev/null; then\n  swiftlint\nelse\n  echo \"error: SwiftLint does not exist, download it from https://github.com/realm/SwiftLint\"\n  exit 1\nfi\n";
		};
/* End PBXShellScriptBuildPhase section */

/* Begin PBXSourcesBuildPhase section */
		F057705526B3FB6300EC78C4 /* Sources */ = {
			isa = PBXSourcesBuildPhase;
			buildActionMask = 2147483647;
			files = (
				F0200F5E26B40CA70088FA78 /* Post.swift in Sources */,
				F0200F5926B404290088FA78 /* MainViewController.swift in Sources */,
				F057705D26B3FB6300EC78C4 /* AppDelegate.swift in Sources */,
				F057705F26B3FB6300EC78C4 /* SceneDelegate.swift in Sources */,
				F0200F5C26B40C520088FA78 /* MainPresenter.swift in Sources */,
				F0200F6026B40D4A0088FA78 /* Builder.swift in Sources */,
				F0200F6326B40DD00088FA78 /* NetworkService.swift in Sources */,
			);
			runOnlyForDeploymentPostprocessing = 0;
		};
/* End PBXSourcesBuildPhase section */

/* Begin PBXVariantGroup section */
		F057706226B3FB6300EC78C4 /* Main.storyboard */ = {
			isa = PBXVariantGroup;
			children = (
				F057706326B3FB6300EC78C4 /* Base */,
			);
			name = Main.storyboard;
			sourceTree = "<group>";
		};
		F057706726B3FB6900EC78C4 /* LaunchScreen.storyboard */ = {
			isa = PBXVariantGroup;
			children = (
				F057706826B3FB6900EC78C4 /* Base */,
			);
			name = LaunchScreen.storyboard;
			sourceTree = "<group>";
		};
/* End PBXVariantGroup section */

/* Begin XCBuildConfiguration section */
		F057706B26B3FB6900EC78C4 /* Debug */ = {
			isa = XCBuildConfiguration;
			buildSettings = {
				ALWAYS_SEARCH_USER_PATHS = NO;
				CLANG_ANALYZER_NONNULL = YES;
				CLANG_ANALYZER_NUMBER_OBJECT_CONVERSION = YES_AGGRESSIVE;
				CLANG_CXX_LANGUAGE_STANDARD = "gnu++14";
				CLANG_CXX_LIBRARY = "libc++";
				CLANG_ENABLE_MODULES = YES;
				CLANG_ENABLE_OBJC_ARC = YES;
				CLANG_ENABLE_OBJC_WEAK = YES;
				CLANG_WARN_BLOCK_CAPTURE_AUTORELEASING = YES;
				CLANG_WARN_BOOL_CONVERSION = YES;
				CLANG_WARN_COMMA = YES;
				CLANG_WARN_CONSTANT_CONVERSION = YES;
				CLANG_WARN_DEPRECATED_OBJC_IMPLEMENTATIONS = YES;
				CLANG_WARN_DIRECT_OBJC_ISA_USAGE = YES_ERROR;
				CLANG_WARN_DOCUMENTATION_COMMENTS = YES;
				CLANG_WARN_EMPTY_BODY = YES;
				CLANG_WARN_ENUM_CONVERSION = YES;
				CLANG_WARN_INFINITE_RECURSION = YES;
				CLANG_WARN_INT_CONVERSION = YES;
				CLANG_WARN_NON_LITERAL_NULL_CONVERSION = YES;
				CLANG_WARN_OBJC_IMPLICIT_RETAIN_SELF = YES;
				CLANG_WARN_OBJC_LITERAL_CONVERSION = YES;
				CLANG_WARN_OBJC_ROOT_CLASS = YES_ERROR;
				CLANG_WARN_QUOTED_INCLUDE_IN_FRAMEWORK_HEADER = YES;
				CLANG_WARN_RANGE_LOOP_ANALYSIS = YES;
				CLANG_WARN_STRICT_PROTOTYPES = YES;
				CLANG_WARN_SUSPICIOUS_MOVE = YES;
				CLANG_WARN_UNGUARDED_AVAILABILITY = YES_AGGRESSIVE;
				CLANG_WARN_UNREACHABLE_CODE = YES;
				CLANG_WARN__DUPLICATE_METHOD_MATCH = YES;
				COPY_PHASE_STRIP = NO;
				DEBUG_INFORMATION_FORMAT = dwarf;
				ENABLE_STRICT_OBJC_MSGSEND = YES;
				ENABLE_TESTABILITY = YES;
				GCC_C_LANGUAGE_STANDARD = gnu11;
				GCC_DYNAMIC_NO_PIC = NO;
				GCC_NO_COMMON_BLOCKS = YES;
				GCC_OPTIMIZATION_LEVEL = 0;
				GCC_PREPROCESSOR_DEFINITIONS = (
					"DEBUG=1",
					"$(inherited)",
				);
				GCC_WARN_64_TO_32_BIT_CONVERSION = YES;
				GCC_WARN_ABOUT_RETURN_TYPE = YES_ERROR;
				GCC_WARN_UNDECLARED_SELECTOR = YES;
				GCC_WARN_UNINITIALIZED_AUTOS = YES_AGGRESSIVE;
				GCC_WARN_UNUSED_FUNCTION = YES;
				GCC_WARN_UNUSED_VARIABLE = YES;
				IPHONEOS_DEPLOYMENT_TARGET = 14.5;
				MTL_ENABLE_DEBUG_INFO = INCLUDE_SOURCE;
				MTL_FAST_MATH = YES;
				ONLY_ACTIVE_ARCH = YES;
				SDKROOT = iphoneos;
				SWIFT_ACTIVE_COMPILATION_CONDITIONS = DEBUG;
				SWIFT_OPTIMIZATION_LEVEL = "-Onone";
			};
			name = Debug;
		};
		F057706C26B3FB6900EC78C4 /* Release */ = {
			isa = XCBuildConfiguration;
			buildSettings = {
				ALWAYS_SEARCH_USER_PATHS = NO;
				CLANG_ANALYZER_NONNULL = YES;
				CLANG_ANALYZER_NUMBER_OBJECT_CONVERSION = YES_AGGRESSIVE;
				CLANG_CXX_LANGUAGE_STANDARD = "gnu++14";
				CLANG_CXX_LIBRARY = "libc++";
				CLANG_ENABLE_MODULES = YES;
				CLANG_ENABLE_OBJC_ARC = YES;
				CLANG_ENABLE_OBJC_WEAK = YES;
				CLANG_WARN_BLOCK_CAPTURE_AUTORELEASING = YES;
				CLANG_WARN_BOOL_CONVERSION = YES;
				CLANG_WARN_COMMA = YES;
				CLANG_WARN_CONSTANT_CONVERSION = YES;
				CLANG_WARN_DEPRECATED_OBJC_IMPLEMENTATIONS = YES;
				CLANG_WARN_DIRECT_OBJC_ISA_USAGE = YES_ERROR;
				CLANG_WARN_DOCUMENTATION_COMMENTS = YES;
				CLANG_WARN_EMPTY_BODY = YES;
				CLANG_WARN_ENUM_CONVERSION = YES;
				CLANG_WARN_INFINITE_RECURSION = YES;
				CLANG_WARN_INT_CONVERSION = YES;
				CLANG_WARN_NON_LITERAL_NULL_CONVERSION = YES;
				CLANG_WARN_OBJC_IMPLICIT_RETAIN_SELF = YES;
				CLANG_WARN_OBJC_LITERAL_CONVERSION = YES;
				CLANG_WARN_OBJC_ROOT_CLASS = YES_ERROR;
				CLANG_WARN_QUOTED_INCLUDE_IN_FRAMEWORK_HEADER = YES;
				CLANG_WARN_RANGE_LOOP_ANALYSIS = YES;
				CLANG_WARN_STRICT_PROTOTYPES = YES;
				CLANG_WARN_SUSPICIOUS_MOVE = YES;
				CLANG_WARN_UNGUARDED_AVAILABILITY = YES_AGGRESSIVE;
				CLANG_WARN_UNREACHABLE_CODE = YES;
				CLANG_WARN__DUPLICATE_METHOD_MATCH = YES;
				COPY_PHASE_STRIP = NO;
				DEBUG_INFORMATION_FORMAT = "dwarf-with-dsym";
				ENABLE_NS_ASSERTIONS = NO;
				ENABLE_STRICT_OBJC_MSGSEND = YES;
				GCC_C_LANGUAGE_STANDARD = gnu11;
				GCC_NO_COMMON_BLOCKS = YES;
				GCC_WARN_64_TO_32_BIT_CONVERSION = YES;
				GCC_WARN_ABOUT_RETURN_TYPE = YES_ERROR;
				GCC_WARN_UNDECLARED_SELECTOR = YES;
				GCC_WARN_UNINITIALIZED_AUTOS = YES_AGGRESSIVE;
				GCC_WARN_UNUSED_FUNCTION = YES;
				GCC_WARN_UNUSED_VARIABLE = YES;
				IPHONEOS_DEPLOYMENT_TARGET = 14.5;
				MTL_ENABLE_DEBUG_INFO = NO;
				MTL_FAST_MATH = YES;
				SDKROOT = iphoneos;
				SWIFT_COMPILATION_MODE = wholemodule;
				SWIFT_OPTIMIZATION_LEVEL = "-O";
				VALIDATE_PRODUCT = YES;
			};
			name = Release;
		};
		F057706E26B3FB6900EC78C4 /* Debug */ = {
			isa = XCBuildConfiguration;
			buildSettings = {
				ASSETCATALOG_COMPILER_APPICON_NAME = AppIcon;
				ASSETCATALOG_COMPILER_GLOBAL_ACCENT_COLOR_NAME = AccentColor;
				CODE_SIGN_STYLE = Automatic;
				DEVELOPMENT_TEAM = U4UX25TX29;
				INFOPLIST_FILE = MPVApplication/Info.plist;
				LD_RUNPATH_SEARCH_PATHS = (
					"$(inherited)",
					"@executable_path/Frameworks",
				);
				PRODUCT_BUNDLE_IDENTIFIER = europeec.MPVApplication;
				PRODUCT_NAME = "$(TARGET_NAME)";
				SWIFT_VERSION = 5.0;
				TARGETED_DEVICE_FAMILY = "1,2";
			};
			name = Debug;
		};
		F057706F26B3FB6900EC78C4 /* Release */ = {
			isa = XCBuildConfiguration;
			buildSettings = {
				ASSETCATALOG_COMPILER_APPICON_NAME = AppIcon;
				ASSETCATALOG_COMPILER_GLOBAL_ACCENT_COLOR_NAME = AccentColor;
				CODE_SIGN_STYLE = Automatic;
				DEVELOPMENT_TEAM = U4UX25TX29;
				INFOPLIST_FILE = MPVApplication/Info.plist;
				LD_RUNPATH_SEARCH_PATHS = (
					"$(inherited)",
					"@executable_path/Frameworks",
				);
				PRODUCT_BUNDLE_IDENTIFIER = europeec.MPVApplication;
				PRODUCT_NAME = "$(TARGET_NAME)";
				SWIFT_VERSION = 5.0;
				TARGETED_DEVICE_FAMILY = "1,2";
			};
			name = Release;
		};
/* End XCBuildConfiguration section */

/* Begin XCConfigurationList section */
		F057705426B3FB6300EC78C4 /* Build configuration list for PBXProject "MPVApplication" */ = {
			isa = XCConfigurationList;
			buildConfigurations = (
				F057706B26B3FB6900EC78C4 /* Debug */,
				F057706C26B3FB6900EC78C4 /* Release */,
			);
			defaultConfigurationIsVisible = 0;
			defaultConfigurationName = Release;
		};
		F057706D26B3FB6900EC78C4 /* Build configuration list for PBXNativeTarget "MPVApplication" */ = {
			isa = XCConfigurationList;
			buildConfigurations = (
				F057706E26B3FB6900EC78C4 /* Debug */,
				F057706F26B3FB6900EC78C4 /* Release */,
			);
			defaultConfigurationIsVisible = 0;
			defaultConfigurationName = Release;
		};
/* End XCConfigurationList section */
	};
	rootObject = F057705126B3FB6300EC78C4 /* Project object */;
}
